// !$*UTF8*$!
{
	archiveVersion = 1;
	classes = {
	};
	objectVersion = 56;
	objects = {

/* Begin PBXBuildFile section */
		F7C7C4F129F234670037522D /* SwiftUIBankingAppApp.swift in Sources */ = {isa = PBXBuildFile; fileRef = F7C7C4F029F234670037522D /* SwiftUIBankingAppApp.swift */; };
		F7C7C4F329F234670037522D /* ContentView.swift in Sources */ = {isa = PBXBuildFile; fileRef = F7C7C4F229F234670037522D /* ContentView.swift */; };
		F7C7C4F529F234670037522D /* Assets.xcassets in Resources */ = {isa = PBXBuildFile; fileRef = F7C7C4F429F234670037522D /* Assets.xcassets */; };
		F7C7C4F829F234670037522D /* Preview Assets.xcassets in Resources */ = {isa = PBXBuildFile; fileRef = F7C7C4F729F234670037522D /* Preview Assets.xcassets */; };
		F7C7C50329F235480037522D /* Card.swift in Sources */ = {isa = PBXBuildFile; fileRef = F7C7C50229F235480037522D /* Card.swift */; };
		F7C7C50529F235610037522D /* Expense.swift in Sources */ = {isa = PBXBuildFile; fileRef = F7C7C50429F235610037522D /* Expense.swift */; };
		F7C7C50729F2384D0037522D /* Home.swift in Sources */ = {isa = PBXBuildFile; fileRef = F7C7C50629F2384D0037522D /* Home.swift */; };
		F7C7C50A29F24BDB0037522D /* OffsetReader.swift in Sources */ = {isa = PBXBuildFile; fileRef = F7C7C50929F24BDB0037522D /* OffsetReader.swift */; };
/* End PBXBuildFile section */

/* Begin PBXFileReference section */
		F7C7C4ED29F234670037522D /* SwiftUIBankingApp.app */ = {isa = PBXFileReference; explicitFileType = wrapper.application; includeInIndex = 0; path = SwiftUIBankingApp.app; sourceTree = BUILT_PRODUCTS_DIR; };
		F7C7C4F029F234670037522D /* SwiftUIBankingAppApp.swift */ = {isa = PBXFileReference; lastKnownFileType = sourcecode.swift; path = SwiftUIBankingAppApp.swift; sourceTree = "<group>"; };
		F7C7C4F229F234670037522D /* ContentView.swift */ = {isa = PBXFileReference; lastKnownFileType = sourcecode.swift; path = ContentView.swift; sourceTree = "<group>"; };
		F7C7C4F429F234670037522D /* Assets.xcassets */ = {isa = PBXFileReference; lastKnownFileType = folder.assetcatalog; path = Assets.xcassets; sourceTree = "<group>"; };
		F7C7C4F729F234670037522D /* Preview Assets.xcassets */ = {isa = PBXFileReference; lastKnownFileType = folder.assetcatalog; path = "Preview Assets.xcassets"; sourceTree = "<group>"; };
		F7C7C50229F235480037522D /* Card.swift */ = {isa = PBXFileReference; lastKnownFileType = sourcecode.swift; path = Card.swift; sourceTree = "<group>"; };
		F7C7C50429F235610037522D /* Expense.swift */ = {isa = PBXFileReference; lastKnownFileType = sourcecode.swift; path = Expense.swift; sourceTree = "<group>"; };
		F7C7C50629F2384D0037522D /* Home.swift */ = {isa = PBXFileReference; lastKnownFileType = sourcecode.swift; path = Home.swift; sourceTree = "<group>"; };
		F7C7C50929F24BDB0037522D /* OffsetReader.swift */ = {isa = PBXFileReference; lastKnownFileType = sourcecode.swift; path = OffsetReader.swift; sourceTree = "<group>"; };
/* End PBXFileReference section */

/* Begin PBXFrameworksBuildPhase section */
		F7C7C4EA29F234670037522D /* Frameworks */ = {
			isa = PBXFrameworksBuildPhase;
			buildActionMask = 2147483647;
			files = (
			);
			runOnlyForDeploymentPostprocessing = 0;
		};
/* End PBXFrameworksBuildPhase section */

/* Begin PBXGroup section */
		F7C7C4E429F234670037522D = {
			isa = PBXGroup;
			children = (
				F7C7C4EF29F234670037522D /* SwiftUIBankingApp */,
				F7C7C4EE29F234670037522D /* Products */,
			);
			sourceTree = "<group>";
		};
		F7C7C4EE29F234670037522D /* Products */ = {
			isa = PBXGroup;
			children = (
				F7C7C4ED29F234670037522D /* SwiftUIBankingApp.app */,
			);
			name = Products;
			sourceTree = "<group>";
		};
		F7C7C4EF29F234670037522D /* SwiftUIBankingApp */ = {
			isa = PBXGroup;
			children = (
				F7C7C50829F24BCF0037522D /* Helpers */,
				F7C7C4FF29F234CD0037522D /* View */,
				F7C7C4FE29F234C10037522D /* Model */,
				F7C7C4F029F234670037522D /* SwiftUIBankingAppApp.swift */,
				F7C7C4F229F234670037522D /* ContentView.swift */,
				F7C7C4F429F234670037522D /* Assets.xcassets */,
				F7C7C4F629F234670037522D /* Preview Content */,
			);
			path = SwiftUIBankingApp;
			sourceTree = "<group>";
		};
		F7C7C4F629F234670037522D /* Preview Content */ = {
			isa = PBXGroup;
			children = (
				F7C7C4F729F234670037522D /* Preview Assets.xcassets */,
			);
			path = "Preview Content";
			sourceTree = "<group>";
		};
		F7C7C4FE29F234C10037522D /* Model */ = {
			isa = PBXGroup;
			children = (
				F7C7C50229F235480037522D /* Card.swift */,
				F7C7C50429F235610037522D /* Expense.swift */,
			);
			path = Model;
			sourceTree = "<group>";
		};
		F7C7C4FF29F234CD0037522D /* View */ = {
			isa = PBXGroup;
			children = (
				F7C7C50629F2384D0037522D /* Home.swift */,
			);
			path = View;
			sourceTree = "<group>";
		};
		F7C7C50829F24BCF0037522D /* Helpers */ = {
			isa = PBXGroup;
			children = (
				F7C7C50929F24BDB0037522D /* OffsetReader.swift */,
			);
			path = Helpers;
			sourceTree = "<group>";
		};
/* End PBXGroup section */

/* Begin PBXNativeTarget section */
		F7C7C4EC29F234670037522D /* SwiftUIBankingApp */ = {
			isa = PBXNativeTarget;
			buildConfigurationList = F7C7C4FB29F234670037522D /* Build configuration list for PBXNativeTarget "SwiftUIBankingApp" */;
			buildPhases = (
				F7C7C4E929F234670037522D /* Sources */,
				F7C7C4EA29F234670037522D /* Frameworks */,
				F7C7C4EB29F234670037522D /* Resources */,
			);
			buildRules = (
			);
			dependencies = (
			);
			name = SwiftUIBankingApp;
			productName = SwiftUIBankingApp;
			productReference = F7C7C4ED29F234670037522D /* SwiftUIBankingApp.app */;
			productType = "com.apple.product-type.application";
		};
/* End PBXNativeTarget section */

/* Begin PBXProject section */
		F7C7C4E529F234670037522D /* Project object */ = {
			isa = PBXProject;
			attributes = {
				BuildIndependentTargetsInParallel = 1;
				LastSwiftUpdateCheck = 1420;
				LastUpgradeCheck = 1420;
				TargetAttributes = {
					F7C7C4EC29F234670037522D = {
						CreatedOnToolsVersion = 14.2;
					};
				};
			};
			buildConfigurationList = F7C7C4E829F234670037522D /* Build configuration list for PBXProject "SwiftUIBankingApp" */;
			compatibilityVersion = "Xcode 14.0";
			developmentRegion = en;
			hasScannedForEncodings = 0;
			knownRegions = (
				en,
				Base,
			);
			mainGroup = F7C7C4E429F234670037522D;
			productRefGroup = F7C7C4EE29F234670037522D /* Products */;
			projectDirPath = "";
			projectRoot = "";
			targets = (
				F7C7C4EC29F234670037522D /* SwiftUIBankingApp */,
			);
		};
/* End PBXProject section */

/* Begin PBXResourcesBuildPhase section */
		F7C7C4EB29F234670037522D /* Resources */ = {
			isa = PBXResourcesBuildPhase;
			buildActionMask = 2147483647;
			files = (
				F7C7C4F829F234670037522D /* Preview Assets.xcassets in Resources */,
				F7C7C4F529F234670037522D /* Assets.xcassets in Resources */,
			);
			runOnlyForDeploymentPostprocessing = 0;
		};
/* End PBXResourcesBuildPhase section */

/* Begin PBXSourcesBuildPhase section */
		F7C7C4E929F234670037522D /* Sources */ = {
			isa = PBXSourcesBuildPhase;
			buildActionMask = 2147483647;
			files = (
				F7C7C50529F235610037522D /* Expense.swift in Sources */,
				F7C7C50A29F24BDB0037522D /* OffsetReader.swift in Sources */,
				F7C7C4F329F234670037522D /* ContentView.swift in Sources */,
				F7C7C50729F2384D0037522D /* Home.swift in Sources */,
				F7C7C50329F235480037522D /* Card.swift in Sources */,
				F7C7C4F129F234670037522D /* SwiftUIBankingAppApp.swift in Sources */,
			);
			runOnlyForDeploymentPostprocessing = 0;
		};
/* End PBXSourcesBuildPhase section */

/* Begin XCBuildConfiguration section */
		F7C7C4F929F234670037522D /* Debug */ = {
			isa = XCBuildConfiguration;
			buildSettings = {
				ALWAYS_SEARCH_USER_PATHS = NO;
				CLANG_ANALYZER_NONNULL = YES;
				CLANG_ANALYZER_NUMBER_OBJECT_CONVERSION = YES_AGGRESSIVE;
				CLANG_CXX_LANGUAGE_STANDARD = "gnu++20";
				CLANG_ENABLE_MODULES = YES;
				CLANG_ENABLE_OBJC_ARC = YES;
				CLANG_ENABLE_OBJC_WEAK = YES;
				CLANG_WARN_BLOCK_CAPTURE_AUTORELEASING = YES;
				CLANG_WARN_BOOL_CONVERSION = YES;
				CLANG_WARN_COMMA = YES;
				CLANG_WARN_CONSTANT_CONVERSION = YES;
				CLANG_WARN_DEPRECATED_OBJC_IMPLEMENTATIONS = YES;
				CLANG_WARN_DIRECT_OBJC_ISA_USAGE = YES_ERROR;
				CLANG_WARN_DOCUMENTATION_COMMENTS = YES;
				CLANG_WARN_EMPTY_BODY = YES;
				CLANG_WARN_ENUM_CONVERSION = YES;
				CLANG_WARN_INFINITE_RECURSION = YES;
				CLANG_WARN_INT_CONVERSION = YES;
				CLANG_WARN_NON_LITERAL_NULL_CONVERSION = YES;
				CLANG_WARN_OBJC_IMPLICIT_RETAIN_SELF = YES;
				CLANG_WARN_OBJC_LITERAL_CONVERSION = YES;
				CLANG_WARN_OBJC_ROOT_CLASS = YES_ERROR;
				CLANG_WARN_QUOTED_INCLUDE_IN_FRAMEWORK_HEADER = YES;
				CLANG_WARN_RANGE_LOOP_ANALYSIS = YES;
				CLANG_WARN_STRICT_PROTOTYPES = YES;
				CLANG_WARN_SUSPICIOUS_MOVE = YES;
				CLANG_WARN_UNGUARDED_AVAILABILITY = YES_AGGRESSIVE;
				CLANG_WARN_UNREACHABLE_CODE = YES;
				CLANG_WARN__DUPLICATE_METHOD_MATCH = YES;
				COPY_PHASE_STRIP = NO;
				DEBUG_INFORMATION_FORMAT = dwarf;
				ENABLE_STRICT_OBJC_MSGSEND = YES;
				ENABLE_TESTABILITY = YES;
				GCC_C_LANGUAGE_STANDARD = gnu11;
				GCC_DYNAMIC_NO_PIC = NO;
				GCC_NO_COMMON_BLOCKS = YES;
				GCC_OPTIMIZATION_LEVEL = 0;
				GCC_PREPROCESSOR_DEFINITIONS = (
					"DEBUG=1",
					"$(inherited)",
				);
				GCC_WARN_64_TO_32_BIT_CONVERSION = YES;
				GCC_WARN_ABOUT_RETURN_TYPE = YES_ERROR;
				GCC_WARN_UNDECLARED_SELECTOR = YES;
				GCC_WARN_UNINITIALIZED_AUTOS = YES_AGGRESSIVE;
				GCC_WARN_UNUSED_FUNCTION = YES;
				GCC_WARN_UNUSED_VARIABLE = YES;
				IPHONEOS_DEPLOYMENT_TARGET = 16.2;
				MTL_ENABLE_DEBUG_INFO = INCLUDE_SOURCE;
				MTL_FAST_MATH = YES;
				ONLY_ACTIVE_ARCH = YES;
				SDKROOT = iphoneos;
				SWIFT_ACTIVE_COMPILATION_CONDITIONS = DEBUG;
				SWIFT_OPTIMIZATION_LEVEL = "-Onone";
			};
			name = Debug;
		};
		F7C7C4FA29F234670037522D /* Release */ = {
			isa = XCBuildConfiguration;
			buildSettings = {
				ALWAYS_SEARCH_USER_PATHS = NO;
				CLANG_ANALYZER_NONNULL = YES;
				CLANG_ANALYZER_NUMBER_OBJECT_CONVERSION = YES_AGGRESSIVE;
				CLANG_CXX_LANGUAGE_STANDARD = "gnu++20";
				CLANG_ENABLE_MODULES = YES;
				CLANG_ENABLE_OBJC_ARC = YES;
				CLANG_ENABLE_OBJC_WEAK = YES;
				CLANG_WARN_BLOCK_CAPTURE_AUTORELEASING = YES;
				CLANG_WARN_BOOL_CONVERSION = YES;
				CLANG_WARN_COMMA = YES;
				CLANG_WARN_CONSTANT_CONVERSION = YES;
				CLANG_WARN_DEPRECATED_OBJC_IMPLEMENTATIONS = YES;
				CLANG_WARN_DIRECT_OBJC_ISA_USAGE = YES_ERROR;
				CLANG_WARN_DOCUMENTATION_COMMENTS = YES;
				CLANG_WARN_EMPTY_BODY = YES;
				CLANG_WARN_ENUM_CONVERSION = YES;
				CLANG_WARN_INFINITE_RECURSION = YES;
				CLANG_WARN_INT_CONVERSION = YES;
				CLANG_WARN_NON_LITERAL_NULL_CONVERSION = YES;
				CLANG_WARN_OBJC_IMPLICIT_RETAIN_SELF = YES;
				CLANG_WARN_OBJC_LITERAL_CONVERSION = YES;
				CLANG_WARN_OBJC_ROOT_CLASS = YES_ERROR;
				CLANG_WARN_QUOTED_INCLUDE_IN_FRAMEWORK_HEADER = YES;
				CLANG_WARN_RANGE_LOOP_ANALYSIS = YES;
				CLANG_WARN_STRICT_PROTOTYPES = YES;
				CLANG_WARN_SUSPICIOUS_MOVE = YES;
				CLANG_WARN_UNGUARDED_AVAILABILITY = YES_AGGRESSIVE;
				CLANG_WARN_UNREACHABLE_CODE = YES;
				CLANG_WARN__DUPLICATE_METHOD_MATCH = YES;
				COPY_PHASE_STRIP = NO;
				DEBUG_INFORMATION_FORMAT = "dwarf-with-dsym";
				ENABLE_NS_ASSERTIONS = NO;
				ENABLE_STRICT_OBJC_MSGSEND = YES;
				GCC_C_LANGUAGE_STANDARD = gnu11;
				GCC_NO_COMMON_BLOCKS = YES;
				GCC_WARN_64_TO_32_BIT_CONVERSION = YES;
				GCC_WARN_ABOUT_RETURN_TYPE = YES_ERROR;
				GCC_WARN_UNDECLARED_SELECTOR = YES;
				GCC_WARN_UNINITIALIZED_AUTOS = YES_AGGRESSIVE;
				GCC_WARN_UNUSED_FUNCTION = YES;
				GCC_WARN_UNUSED_VARIABLE = YES;
				IPHONEOS_DEPLOYMENT_TARGET = 16.2;
				MTL_ENABLE_DEBUG_INFO = NO;
				MTL_FAST_MATH = YES;
				SDKROOT = iphoneos;
				SWIFT_COMPILATION_MODE = wholemodule;
				SWIFT_OPTIMIZATION_LEVEL = "-O";
				VALIDATE_PRODUCT = YES;
			};
			name = Release;
		};
		F7C7C4FC29F234670037522D /* Debug */ = {
			isa = XCBuildConfiguration;
			buildSettings = {
				ASSETCATALOG_COMPILER_APPICON_NAME = AppIcon;
				ASSETCATALOG_COMPILER_GLOBAL_ACCENT_COLOR_NAME = AccentColor;
				CODE_SIGN_STYLE = Automatic;
				CURRENT_PROJECT_VERSION = 1;
				DEVELOPMENT_ASSET_PATHS = "\"SwiftUIBankingApp/Preview Content\"";
				DEVELOPMENT_TEAM = 53V48VAMPV;
				ENABLE_PREVIEWS = YES;
				GCC_OPTIMIZATION_LEVEL = 0;
				GENERATE_INFOPLIST_FILE = YES;
				INFOPLIST_KEY_CFBundleDisplayName = BankingApp;
				INFOPLIST_KEY_UIApplicationSceneManifest_Generation = YES;
				INFOPLIST_KEY_UIApplicationSupportsIndirectInputEvents = YES;
				INFOPLIST_KEY_UILaunchScreen_Generation = YES;
				INFOPLIST_KEY_UISupportedInterfaceOrientations_iPad = "UIInterfaceOrientationPortrait UIInterfaceOrientationPortraitUpsideDown UIInterfaceOrientationLandscapeLeft UIInterfaceOrientationLandscapeRight";
				INFOPLIST_KEY_UISupportedInterfaceOrientations_iPhone = "UIInterfaceOrientationPortrait UIInterfaceOrientationLandscapeLeft UIInterfaceOrientationLandscapeRight";
				IPHONEOS_DEPLOYMENT_TARGET = 16.0;
				LD_RUNPATH_SEARCH_PATHS = (
					"$(inherited)",
					"@executable_path/Frameworks",
				);
				MARKETING_VERSION = 1.0;
				PRODUCT_BUNDLE_IDENTIFIER = com.vladimirkratinov.SwiftUIBankingApp;
				PRODUCT_NAME = "$(TARGET_NAME)";
				SWIFT_EMIT_LOC_STRINGS = YES;
				SWIFT_OPTIMIZATION_LEVEL = "-Onone";
				SWIFT_VERSION = 5.0;
				TARGETED_DEVICE_FAMILY = "1,2";
			};
			name = Debug;
		};
		F7C7C4FD29F234670037522D /* Release */ = {
			isa = XCBuildConfiguration;
			buildSettings = {
				ASSETCATALOG_COMPILER_APPICON_NAME = AppIcon;
				ASSETCATALOG_COMPILER_GLOBAL_ACCENT_COLOR_NAME = AccentColor;
				CODE_SIGN_STYLE = Automatic;
				CURRENT_PROJECT_VERSION = 1;
				DEVELOPMENT_ASSET_PATHS = "\"SwiftUIBankingApp/Preview Content\"";
				DEVELOPMENT_TEAM = 53V48VAMPV;
				ENABLE_PREVIEWS = YES;
				GCC_OPTIMIZATION_LEVEL = 0;
				GENERATE_INFOPLIST_FILE = YES;
				INFOPLIST_KEY_CFBundleDisplayName = BankingApp;
				INFOPLIST_KEY_UIApplicationSceneManifest_Generation = YES;
				INFOPLIST_KEY_UIApplicationSupportsIndirectInputEvents = YES;
				INFOPLIST_KEY_UILaunchScreen_Generation = YES;
				INFOPLIST_KEY_UISupportedInterfaceOrientations_iPad = "UIInterfaceOrientationPortrait UIInterfaceOrientationPortraitUpsideDown UIInterfaceOrientationLandscapeLeft UIInterfaceOrientationLandscapeRight";
				INFOPLIST_KEY_UISupportedInterfaceOrientations_iPhone = "UIInterfaceOrientationPortrait UIInterfaceOrientationLandscapeLeft UIInterfaceOrientationLandscapeRight";
				IPHONEOS_DEPLOYMENT_TARGET = 16.0;
				LD_RUNPATH_SEARCH_PATHS = (
					"$(inherited)",
					"@executable_path/Frameworks",
				);
				MARKETING_VERSION = 1.0;
				PRODUCT_BUNDLE_IDENTIFIER = com.vladimirkratinov.SwiftUIBankingApp;
				PRODUCT_NAME = "$(TARGET_NAME)";
				SWIFT_EMIT_LOC_STRINGS = YES;
				SWIFT_OPTIMIZATION_LEVEL = "-Onone";
				SWIFT_VERSION = 5.0;
				TARGETED_DEVICE_FAMILY = "1,2";
			};
			name = Release;
		};
/* End XCBuildConfiguration section */

/* Begin XCConfigurationList section */
		F7C7C4E829F234670037522D /* Build configuration list for PBXProject "SwiftUIBankingApp" */ = {
			isa = XCConfigurationList;
			buildConfigurations = (
				F7C7C4F929F234670037522D /* Debug */,
				F7C7C4FA29F234670037522D /* Release */,
			);
			defaultConfigurationIsVisible = 0;
			defaultConfigurationName = Release;
		};
		F7C7C4FB29F234670037522D /* Build configuration list for PBXNativeTarget "SwiftUIBankingApp" */ = {
			isa = XCConfigurationList;
			buildConfigurations = (
				F7C7C4FC29F234670037522D /* Debug */,
				F7C7C4FD29F234670037522D /* Release */,
			);
			defaultConfigurationIsVisible = 0;
			defaultConfigurationName = Release;
		};
/* End XCConfigurationList section */
	};
	rootObject = F7C7C4E529F234670037522D /* Project object */;
}
